PODS:
  - AFNetworking (4.0.1):
    - AFNetworking/NSURLSession (= 4.0.1)
    - AFNetworking/Reachability (= 4.0.1)
    - AFNetworking/Security (= 4.0.1)
    - AFNetworking/Serialization (= 4.0.1)
    - AFNetworking/UIKit (= 4.0.1)
  - AFNetworking/NSURLSession (4.0.1):
    - AFNetworking/Reachability
    - AFNetworking/Security
    - AFNetworking/Serialization
  - AFNetworking/Reachability (4.0.1)
  - AFNetworking/Security (4.0.1)
  - AFNetworking/Serialization (4.0.1)
  - AFNetworking/UIKit (4.0.1):
    - AFNetworking/NSURLSession
  - OrangeEngineFramework (1.0.4):
    - AFNetworking (~> 4.0.1)
    - OrangeEngineFramework/common (= 1.0.4)
    - OrangeEngineFramework/net (= 1.0.4)
  - OrangeEngineFramework/common (1.0.4):
    - AFNetworking (~> 4.0.1)
  - OrangeEngineFramework/net (1.0.4):
    - AFNetworking (~> 4.0.1)

DEPENDENCIES:
  - AFNetworking
  - OrangeEngineFramework (from `../`)

SPEC REPOS:
  https://mirrors.tuna.tsinghua.edu.cn/git/CocoaPods/Specs.git:
    - AFNetworking

EXTERNAL SOURCES:
  OrangeEngineFramework:
    :path: "../"

SPEC CHECKSUMS:
  AFNetworking: 7864c38297c79aaca1500c33288e429c3451fdce
  OrangeEngineFramework: 52ef9c242ec05a98a2b9b9b4a695b5b1095e6059

PODFILE CHECKSUM: bb5d3b1e0e8d0f8bc9a5f235c8f56aeeac2d3a29

COCOAPODS: 1.9.3
